
Microsoft Visual Studio Solution File, Format Version 12.00
# Visual Studio Version 16
VisualStudioVersion = 16.0.30523.141
MinimumVisualStudioVersion = 10.0.40219.1
Project("{FAE04EC0-301F-11D3-BF4B-00C04F79EFBC}") = "ConsoleApp4", "ConsoleApp4\ConsoleApp4.csproj", "{43C415DB-1274-4104-80DB-C4B40CCAA585}"
EndProject
Global
	GlobalSection(SolutionConfigurationPlatforms) = preSolution
		Debug|Any CPU = Debug|Any CPU
		Release|Any CPU = Release|Any CPU
	EndGlobalSection
	GlobalSection(ProjectConfigurationPlatforms) = postSolution
		{43C415DB-1274-4104-80DB-C4B40CCAA585}.Debug|Any CPU.ActiveCfg = Debug|Any CPU
		{43C415DB-1274-4104-80DB-C4B40CCAA585}.Debug|Any CPU.Build.0 = Debug|Any CPU
		{43C415DB-1274-4104-80DB-C4B40CCAA585}.Release|Any CPU.ActiveCfg = Release|Any CPU
		{43C415DB-1274-4104-80DB-C4B40CCAA585}.Release|Any CPU.Build.0 = Release|Any CPU
	EndGlobalSection
	GlobalSection(SolutionProperties) = preSolution
		HideSolutionNode = FALSE
	EndGlobalSection
	GlobalSection(ExtensibilityGlobals) = postSolution
		SolutionGuid = {CC2A1BE8-1F82-4D5B-8FFE-45AEAFE08318}
	EndGlobalSection
EndGlobal
